// !$*UTF8*$!
{
	archiveVersion = 1;
	classes = {
	};
	objectVersion = 51;
	objects = {

/* Begin PBXBuildFile section */
		1C2A106464C7A181364AA384 /* Pods_AnimalAnalyzer.framework in Frameworks */ = {isa = PBXBuildFile; fileRef = CF726EFC38509F7A91E9F118 /* Pods_AnimalAnalyzer.framework */; };
		4DE9399725B122B500094D0A /* Assets.xcassets in Resources */ = {isa = PBXBuildFile; fileRef = 4DE9398925B122B500094D0A /* Assets.xcassets */; };
		4DE9399825B122B500094D0A /* LaunchScreen.storyboard in Resources */ = {isa = PBXBuildFile; fileRef = 4DE9398A25B122B500094D0A /* LaunchScreen.storyboard */; };
		4DE9399925B122B500094D0A /* AppDelegate.swift in Sources */ = {isa = PBXBuildFile; fileRef = 4DE9398D25B122B500094D0A /* AppDelegate.swift */; };
		4DE9399B25B122B500094D0A /* SceneDelegate.swift in Sources */ = {isa = PBXBuildFile; fileRef = 4DE9398F25B122B500094D0A /* SceneDelegate.swift */; };
		4DE9399C25B122B500094D0A /* MainViewController.swift in Sources */ = {isa = PBXBuildFile; fileRef = 4DE9399425B122B500094D0A /* MainViewController.swift */; };
		4DE9399D25B122B500094D0A /* ViewConfiguration.swift in Sources */ = {isa = PBXBuildFile; fileRef = 4DE9399625B122B500094D0A /* ViewConfiguration.swift */; };
/* End PBXBuildFile section */

/* Begin PBXFileReference section */
		4D20FA3F25B0F3120068C57E /* AnimalAnalyzer.app */ = {isa = PBXFileReference; explicitFileType = wrapper.application; includeInIndex = 0; path = AnimalAnalyzer.app; sourceTree = BUILT_PRODUCTS_DIR; };
		4DE9398925B122B500094D0A /* Assets.xcassets */ = {isa = PBXFileReference; lastKnownFileType = folder.assetcatalog; path = Assets.xcassets; sourceTree = "<group>"; };
		4DE9398B25B122B500094D0A /* Base */ = {isa = PBXFileReference; lastKnownFileType = file.storyboard; name = Base; path = Base.lproj/LaunchScreen.storyboard; sourceTree = "<group>"; };
		4DE9398D25B122B500094D0A /* AppDelegate.swift */ = {isa = PBXFileReference; fileEncoding = 4; lastKnownFileType = sourcecode.swift; path = AppDelegate.swift; sourceTree = "<group>"; };
		4DE9398E25B122B500094D0A /* Info.plist */ = {isa = PBXFileReference; fileEncoding = 4; lastKnownFileType = text.plist.xml; path = Info.plist; sourceTree = "<group>"; };
		4DE9398F25B122B500094D0A /* SceneDelegate.swift */ = {isa = PBXFileReference; fileEncoding = 4; lastKnownFileType = sourcecode.swift; path = SceneDelegate.swift; sourceTree = "<group>"; };
		4DE9399425B122B500094D0A /* MainViewController.swift */ = {isa = PBXFileReference; fileEncoding = 4; lastKnownFileType = sourcecode.swift; path = MainViewController.swift; sourceTree = "<group>"; };
		4DE9399625B122B500094D0A /* ViewConfiguration.swift */ = {isa = PBXFileReference; fileEncoding = 4; lastKnownFileType = sourcecode.swift; path = ViewConfiguration.swift; sourceTree = "<group>"; };
		808885DF64E1F1965780F8E6 /* Pods-AnimalAnalyzer.debug.xcconfig */ = {isa = PBXFileReference; includeInIndex = 1; lastKnownFileType = text.xcconfig; name = "Pods-AnimalAnalyzer.debug.xcconfig"; path = "Target Support Files/Pods-AnimalAnalyzer/Pods-AnimalAnalyzer.debug.xcconfig"; sourceTree = "<group>"; };
		A26D0C0B485CAF5677B3DB3B /* Pods-AnimalAnalyzer.release.xcconfig */ = {isa = PBXFileReference; includeInIndex = 1; lastKnownFileType = text.xcconfig; name = "Pods-AnimalAnalyzer.release.xcconfig"; path = "Target Support Files/Pods-AnimalAnalyzer/Pods-AnimalAnalyzer.release.xcconfig"; sourceTree = "<group>"; };
		CF726EFC38509F7A91E9F118 /* Pods_AnimalAnalyzer.framework */ = {isa = PBXFileReference; explicitFileType = wrapper.framework; includeInIndex = 0; path = Pods_AnimalAnalyzer.framework; sourceTree = BUILT_PRODUCTS_DIR; };
/* End PBXFileReference section */

/* Begin PBXFrameworksBuildPhase section */
		4D20FA3C25B0F3120068C57E /* Frameworks */ = {
			isa = PBXFrameworksBuildPhase;
			buildActionMask = 2147483647;
			files = (
				1C2A106464C7A181364AA384 /* Pods_AnimalAnalyzer.framework in Frameworks */,
			);
			runOnlyForDeploymentPostprocessing = 0;
		};
/* End PBXFrameworksBuildPhase section */

/* Begin PBXGroup section */
		4D20FA3625B0F3120068C57E = {
			isa = PBXGroup;
			children = (
				4D20FA4125B0F3120068C57E /* AnimalAnalyzer */,
				4D20FA4025B0F3120068C57E /* Products */,
				89FD039D009A95F849198810 /* Pods */,
				9EFD8CB6F0EE714F202B8E30 /* Frameworks */,
			);
			sourceTree = "<group>";
		};
		4D20FA4025B0F3120068C57E /* Products */ = {
			isa = PBXGroup;
			children = (
				4D20FA3F25B0F3120068C57E /* AnimalAnalyzer.app */,
			);
			name = Products;
			sourceTree = "<group>";
		};
		4D20FA4125B0F3120068C57E /* AnimalAnalyzer */ = {
			isa = PBXGroup;
			children = (
				4DE9398825B122B500094D0A /* Resources */,
				4DE9398C25B122B500094D0A /* SupportingFiles */,
				4DE9399125B122B500094D0A /* Controllers */,
				4DE9399525B122B500094D0A /* Helpers */,
			);
			path = AnimalAnalyzer;
			sourceTree = "<group>";
		};
		4DE9398825B122B500094D0A /* Resources */ = {
			isa = PBXGroup;
			children = (
				4DE9398925B122B500094D0A /* Assets.xcassets */,
				4DE9398A25B122B500094D0A /* LaunchScreen.storyboard */,
			);
			path = Resources;
			sourceTree = "<group>";
		};
		4DE9398C25B122B500094D0A /* SupportingFiles */ = {
			isa = PBXGroup;
			children = (
				4DE9398D25B122B500094D0A /* AppDelegate.swift */,
				4DE9398E25B122B500094D0A /* Info.plist */,
				4DE9398F25B122B500094D0A /* SceneDelegate.swift */,
			);
			path = SupportingFiles;
			sourceTree = "<group>";
		};
		4DE9399125B122B500094D0A /* Controllers */ = {
			isa = PBXGroup;
			children = (
				4DE9399325B122B500094D0A /* Main */,
			);
			path = Controllers;
			sourceTree = "<group>";
		};
		4DE9399325B122B500094D0A /* Main */ = {
			isa = PBXGroup;
			children = (
				4DE9399425B122B500094D0A /* MainViewController.swift */,
			);
			path = Main;
			sourceTree = "<group>";
		};
		4DE9399525B122B500094D0A /* Helpers */ = {
			isa = PBXGroup;
			children = (
				4DE9399625B122B500094D0A /* ViewConfiguration.swift */,
			);
			path = Helpers;
			sourceTree = "<group>";
		};
		89FD039D009A95F849198810 /* Pods */ = {
			isa = PBXGroup;
			children = (
				808885DF64E1F1965780F8E6 /* Pods-AnimalAnalyzer.debug.xcconfig */,
				A26D0C0B485CAF5677B3DB3B /* Pods-AnimalAnalyzer.release.xcconfig */,
			);
			path = Pods;
			sourceTree = "<group>";
		};
		9EFD8CB6F0EE714F202B8E30 /* Frameworks */ = {
			isa = PBXGroup;
			children = (
				CF726EFC38509F7A91E9F118 /* Pods_AnimalAnalyzer.framework */,
			);
			name = Frameworks;
			sourceTree = "<group>";
		};
/* End PBXGroup section */

/* Begin PBXNativeTarget section */
		4D20FA3E25B0F3120068C57E /* AnimalAnalyzer */ = {
			isa = PBXNativeTarget;
			buildConfigurationList = 4D20FA5325B0F3130068C57E /* Build configuration list for PBXNativeTarget "AnimalAnalyzer" */;
			buildPhases = (
				EB2C9D8EB08A38A90FC8FA4C /* [CP] Check Pods Manifest.lock */,
				4D20FA3B25B0F3120068C57E /* Sources */,
				4D20FA3C25B0F3120068C57E /* Frameworks */,
				4D20FA3D25B0F3120068C57E /* Resources */,
				D384699337B05B3266365F8C /* [CP] Embed Pods Frameworks */,
			);
			buildRules = (
			);
			dependencies = (
			);
			name = AnimalAnalyzer;
			productName = AnimalAnalyzer;
			productReference = 4D20FA3F25B0F3120068C57E /* AnimalAnalyzer.app */;
			productType = "com.apple.product-type.application";
		};
/* End PBXNativeTarget section */

/* Begin PBXProject section */
		4D20FA3725B0F3120068C57E /* Project object */ = {
			isa = PBXProject;
			attributes = {
				LastSwiftUpdateCheck = 1220;
				LastUpgradeCheck = 1220;
				TargetAttributes = {
					4D20FA3E25B0F3120068C57E = {
						CreatedOnToolsVersion = 12.2;
					};
				};
			};
			buildConfigurationList = 4D20FA3A25B0F3120068C57E /* Build configuration list for PBXProject "AnimalAnalyzer" */;
			compatibilityVersion = "Xcode 9.3";
			developmentRegion = en;
			hasScannedForEncodings = 0;
			knownRegions = (
				en,
				Base,
			);
			mainGroup = 4D20FA3625B0F3120068C57E;
			productRefGroup = 4D20FA4025B0F3120068C57E /* Products */;
			projectDirPath = "";
			projectRoot = "";
			targets = (
				4D20FA3E25B0F3120068C57E /* AnimalAnalyzer */,
			);
		};
/* End PBXProject section */

/* Begin PBXResourcesBuildPhase section */
		4D20FA3D25B0F3120068C57E /* Resources */ = {
			isa = PBXResourcesBuildPhase;
			buildActionMask = 2147483647;
			files = (
				4DE9399725B122B500094D0A /* Assets.xcassets in Resources */,
				4DE9399825B122B500094D0A /* LaunchScreen.storyboard in Resources */,
			);
			runOnlyForDeploymentPostprocessing = 0;
		};
/* End PBXResourcesBuildPhase section */

/* Begin PBXShellScriptBuildPhase section */
		D384699337B05B3266365F8C /* [CP] Embed Pods Frameworks */ = {
			isa = PBXShellScriptBuildPhase;
			buildActionMask = 2147483647;
			files = (
			);
			inputFileListPaths = (
				"${PODS_ROOT}/Target Support Files/Pods-AnimalAnalyzer/Pods-AnimalAnalyzer-frameworks-${CONFIGURATION}-input-files.xcfilelist",
			);
			name = "[CP] Embed Pods Frameworks";
			outputFileListPaths = (
				"${PODS_ROOT}/Target Support Files/Pods-AnimalAnalyzer/Pods-AnimalAnalyzer-frameworks-${CONFIGURATION}-output-files.xcfilelist",
			);
			runOnlyForDeploymentPostprocessing = 0;
			shellPath = /bin/sh;
			shellScript = "\"${PODS_ROOT}/Target Support Files/Pods-AnimalAnalyzer/Pods-AnimalAnalyzer-frameworks.sh\"\n";
			showEnvVarsInLog = 0;
		};
		EB2C9D8EB08A38A90FC8FA4C /* [CP] Check Pods Manifest.lock */ = {
			isa = PBXShellScriptBuildPhase;
			buildActionMask = 2147483647;
			files = (
			);
			inputFileListPaths = (
			);
			inputPaths = (
				"${PODS_PODFILE_DIR_PATH}/Podfile.lock",
				"${PODS_ROOT}/Manifest.lock",
			);
			name = "[CP] Check Pods Manifest.lock";
			outputFileListPaths = (
			);
			outputPaths = (
				"$(DERIVED_FILE_DIR)/Pods-AnimalAnalyzer-checkManifestLockResult.txt",
			);
			runOnlyForDeploymentPostprocessing = 0;
			shellPath = /bin/sh;
			shellScript = "diff \"${PODS_PODFILE_DIR_PATH}/Podfile.lock\" \"${PODS_ROOT}/Manifest.lock\" > /dev/null\nif [ $? != 0 ] ; then\n    # print error to STDERR\n    echo \"error: The sandbox is not in sync with the Podfile.lock. Run 'pod install' or update your CocoaPods installation.\" >&2\n    exit 1\nfi\n# This output is used by Xcode 'outputs' to avoid re-running this script phase.\necho \"SUCCESS\" > \"${SCRIPT_OUTPUT_FILE_0}\"\n";
			showEnvVarsInLog = 0;
		};
/* End PBXShellScriptBuildPhase section */

/* Begin PBXSourcesBuildPhase section */
		4D20FA3B25B0F3120068C57E /* Sources */ = {
			isa = PBXSourcesBuildPhase;
			buildActionMask = 2147483647;
			files = (
				4DE9399B25B122B500094D0A /* SceneDelegate.swift in Sources */,
				4DE9399925B122B500094D0A /* AppDelegate.swift in Sources */,
				4DE9399C25B122B500094D0A /* MainViewController.swift in Sources */,
				4DE9399D25B122B500094D0A /* ViewConfiguration.swift in Sources */,
			);
			runOnlyForDeploymentPostprocessing = 0;
		};
/* End PBXSourcesBuildPhase section */

/* Begin PBXVariantGroup section */
		4DE9398A25B122B500094D0A /* LaunchScreen.storyboard */ = {
			isa = PBXVariantGroup;
			children = (
				4DE9398B25B122B500094D0A /* Base */,
			);
			name = LaunchScreen.storyboard;
			sourceTree = "<group>";
		};
/* End PBXVariantGroup section */

/* Begin XCBuildConfiguration section */
		4D20FA5125B0F3130068C57E /* Debug */ = {
			isa = XCBuildConfiguration;
			buildSettings = {
				ALWAYS_SEARCH_USER_PATHS = NO;
				CLANG_ANALYZER_NONNULL = YES;
				CLANG_ANALYZER_NUMBER_OBJECT_CONVERSION = YES_AGGRESSIVE;
				CLANG_CXX_LANGUAGE_STANDARD = "gnu++14";
				CLANG_CXX_LIBRARY = "libc++";
				CLANG_ENABLE_MODULES = YES;
				CLANG_ENABLE_OBJC_ARC = YES;
				CLANG_ENABLE_OBJC_WEAK = YES;
				CLANG_WARN_BLOCK_CAPTURE_AUTORELEASING = YES;
				CLANG_WARN_BOOL_CONVERSION = YES;
				CLANG_WARN_COMMA = YES;
				CLANG_WARN_CONSTANT_CONVERSION = YES;
				CLANG_WARN_DEPRECATED_OBJC_IMPLEMENTATIONS = YES;
				CLANG_WARN_DIRECT_OBJC_ISA_USAGE = YES_ERROR;
				CLANG_WARN_DOCUMENTATION_COMMENTS = YES;
				CLANG_WARN_EMPTY_BODY = YES;
				CLANG_WARN_ENUM_CONVERSION = YES;
				CLANG_WARN_INFINITE_RECURSION = YES;
				CLANG_WARN_INT_CONVERSION = YES;
				CLANG_WARN_NON_LITERAL_NULL_CONVERSION = YES;
				CLANG_WARN_OBJC_IMPLICIT_RETAIN_SELF = YES;
				CLANG_WARN_OBJC_LITERAL_CONVERSION = YES;
				CLANG_WARN_OBJC_ROOT_CLASS = YES_ERROR;
				CLANG_WARN_QUOTED_INCLUDE_IN_FRAMEWORK_HEADER = YES;
				CLANG_WARN_RANGE_LOOP_ANALYSIS = YES;
				CLANG_WARN_STRICT_PROTOTYPES = YES;
				CLANG_WARN_SUSPICIOUS_MOVE = YES;
				CLANG_WARN_UNGUARDED_AVAILABILITY = YES_AGGRESSIVE;
				CLANG_WARN_UNREACHABLE_CODE = YES;
				CLANG_WARN__DUPLICATE_METHOD_MATCH = YES;
				COPY_PHASE_STRIP = NO;
				DEBUG_INFORMATION_FORMAT = dwarf;
				ENABLE_STRICT_OBJC_MSGSEND = YES;
				ENABLE_TESTABILITY = YES;
				GCC_C_LANGUAGE_STANDARD = gnu11;
				GCC_DYNAMIC_NO_PIC = NO;
				GCC_NO_COMMON_BLOCKS = YES;
				GCC_OPTIMIZATION_LEVEL = 0;
				GCC_PREPROCESSOR_DEFINITIONS = (
					"DEBUG=1",
					"$(inherited)",
				);
				GCC_WARN_64_TO_32_BIT_CONVERSION = YES;
				GCC_WARN_ABOUT_RETURN_TYPE = YES_ERROR;
				GCC_WARN_UNDECLARED_SELECTOR = YES;
				GCC_WARN_UNINITIALIZED_AUTOS = YES_AGGRESSIVE;
				GCC_WARN_UNUSED_FUNCTION = YES;
				GCC_WARN_UNUSED_VARIABLE = YES;
				IPHONEOS_DEPLOYMENT_TARGET = 14.2;
				MTL_ENABLE_DEBUG_INFO = INCLUDE_SOURCE;
				MTL_FAST_MATH = YES;
				ONLY_ACTIVE_ARCH = YES;
				SDKROOT = iphoneos;
				SWIFT_ACTIVE_COMPILATION_CONDITIONS = DEBUG;
				SWIFT_OPTIMIZATION_LEVEL = "-Onone";
			};
			name = Debug;
		};
		4D20FA5225B0F3130068C57E /* Release */ = {
			isa = XCBuildConfiguration;
			buildSettings = {
				ALWAYS_SEARCH_USER_PATHS = NO;
				CLANG_ANALYZER_NONNULL = YES;
				CLANG_ANALYZER_NUMBER_OBJECT_CONVERSION = YES_AGGRESSIVE;
				CLANG_CXX_LANGUAGE_STANDARD = "gnu++14";
				CLANG_CXX_LIBRARY = "libc++";
				CLANG_ENABLE_MODULES = YES;
				CLANG_ENABLE_OBJC_ARC = YES;
				CLANG_ENABLE_OBJC_WEAK = YES;
				CLANG_WARN_BLOCK_CAPTURE_AUTORELEASING = YES;
				CLANG_WARN_BOOL_CONVERSION = YES;
				CLANG_WARN_COMMA = YES;
				CLANG_WARN_CONSTANT_CONVERSION = YES;
				CLANG_WARN_DEPRECATED_OBJC_IMPLEMENTATIONS = YES;
				CLANG_WARN_DIRECT_OBJC_ISA_USAGE = YES_ERROR;
				CLANG_WARN_DOCUMENTATION_COMMENTS = YES;
				CLANG_WARN_EMPTY_BODY = YES;
				CLANG_WARN_ENUM_CONVERSION = YES;
				CLANG_WARN_INFINITE_RECURSION = YES;
				CLANG_WARN_INT_CONVERSION = YES;
				CLANG_WARN_NON_LITERAL_NULL_CONVERSION = YES;
				CLANG_WARN_OBJC_IMPLICIT_RETAIN_SELF = YES;
				CLANG_WARN_OBJC_LITERAL_CONVERSION = YES;
				CLANG_WARN_OBJC_ROOT_CLASS = YES_ERROR;
				CLANG_WARN_QUOTED_INCLUDE_IN_FRAMEWORK_HEADER = YES;
				CLANG_WARN_RANGE_LOOP_ANALYSIS = YES;
				CLANG_WARN_STRICT_PROTOTYPES = YES;
				CLANG_WARN_SUSPICIOUS_MOVE = YES;
				CLANG_WARN_UNGUARDED_AVAILABILITY = YES_AGGRESSIVE;
				CLANG_WARN_UNREACHABLE_CODE = YES;
				CLANG_WARN__DUPLICATE_METHOD_MATCH = YES;
				COPY_PHASE_STRIP = NO;
				DEBUG_INFORMATION_FORMAT = "dwarf-with-dsym";
				ENABLE_NS_ASSERTIONS = NO;
				ENABLE_STRICT_OBJC_MSGSEND = YES;
				GCC_C_LANGUAGE_STANDARD = gnu11;
				GCC_NO_COMMON_BLOCKS = YES;
				GCC_WARN_64_TO_32_BIT_CONVERSION = YES;
				GCC_WARN_ABOUT_RETURN_TYPE = YES_ERROR;
				GCC_WARN_UNDECLARED_SELECTOR = YES;
				GCC_WARN_UNINITIALIZED_AUTOS = YES_AGGRESSIVE;
				GCC_WARN_UNUSED_FUNCTION = YES;
				GCC_WARN_UNUSED_VARIABLE = YES;
				IPHONEOS_DEPLOYMENT_TARGET = 14.2;
				MTL_ENABLE_DEBUG_INFO = NO;
				MTL_FAST_MATH = YES;
				SDKROOT = iphoneos;
				SWIFT_COMPILATION_MODE = wholemodule;
				SWIFT_OPTIMIZATION_LEVEL = "-O";
				VALIDATE_PRODUCT = YES;
			};
			name = Release;
		};
		4D20FA5425B0F3130068C57E /* Debug */ = {
			isa = XCBuildConfiguration;
			baseConfigurationReference = 808885DF64E1F1965780F8E6 /* Pods-AnimalAnalyzer.debug.xcconfig */;
			buildSettings = {
				ASSETCATALOG_COMPILER_APPICON_NAME = AppIcon;
				ASSETCATALOG_COMPILER_GLOBAL_ACCENT_COLOR_NAME = AccentColor;
				CODE_SIGN_STYLE = Automatic;
				INFOPLIST_FILE = AnimalAnalyzer/SupportingFiles/Info.plist;
				LD_RUNPATH_SEARCH_PATHS = (
					"$(inherited)",
					"@executable_path/Frameworks",
				);
				PRODUCT_BUNDLE_IDENTIFIER = "br.com-alura.AnimalAnalyzer";
				PRODUCT_NAME = "$(TARGET_NAME)";
				SWIFT_VERSION = 5.0;
				TARGETED_DEVICE_FAMILY = 1;
			};
			name = Debug;
		};
		4D20FA5525B0F3130068C57E /* Release */ = {
			isa = XCBuildConfiguration;
			baseConfigurationReference = A26D0C0B485CAF5677B3DB3B /* Pods-AnimalAnalyzer.release.xcconfig */;
			buildSettings = {
				ASSETCATALOG_COMPILER_APPICON_NAME = AppIcon;
				ASSETCATALOG_COMPILER_GLOBAL_ACCENT_COLOR_NAME = AccentColor;
				CODE_SIGN_STYLE = Automatic;
				INFOPLIST_FILE = AnimalAnalyzer/SupportingFiles/Info.plist;
				LD_RUNPATH_SEARCH_PATHS = (
					"$(inherited)",
					"@executable_path/Frameworks",
				);
				PRODUCT_BUNDLE_IDENTIFIER = "br.com-alura.AnimalAnalyzer";
				PRODUCT_NAME = "$(TARGET_NAME)";
				SWIFT_VERSION = 5.0;
				TARGETED_DEVICE_FAMILY = 1;
			};
			name = Release;
		};
/* End XCBuildConfiguration section */

/* Begin XCConfigurationList section */
		4D20FA3A25B0F3120068C57E /* Build configuration list for PBXProject "AnimalAnalyzer" */ = {
			isa = XCConfigurationList;
			buildConfigurations = (
				4D20FA5125B0F3130068C57E /* Debug */,
				4D20FA5225B0F3130068C57E /* Release */,
			);
			defaultConfigurationIsVisible = 0;
			defaultConfigurationName = Release;
		};
		4D20FA5325B0F3130068C57E /* Build configuration list for PBXNativeTarget "AnimalAnalyzer" */ = {
			isa = XCConfigurationList;
			buildConfigurations = (
				4D20FA5425B0F3130068C57E /* Debug */,
				4D20FA5525B0F3130068C57E /* Release */,
			);
			defaultConfigurationIsVisible = 0;
			defaultConfigurationName = Release;
		};
/* End XCConfigurationList section */
	};
	rootObject = 4D20FA3725B0F3120068C57E /* Project object */;
}
